// !$*UTF8*$!
{
	archiveVersion = 1;
	classes = {
	};
	objectVersion = 46;
	objects = {

/* Begin PBXBuildFile section */
		84E550231BBAE78A00D21012 /* AppDelegate.swift in Sources */ = {isa = PBXBuildFile; fileRef = 84E550221BBAE78A00D21012 /* AppDelegate.swift */; };
		84E550251BBAE78A00D21012 /* RootViewController.swift in Sources */ = {isa = PBXBuildFile; fileRef = 84E550241BBAE78A00D21012 /* RootViewController.swift */; };
		84E550271BBAE78A00D21012 /* DataViewController.swift in Sources */ = {isa = PBXBuildFile; fileRef = 84E550261BBAE78A00D21012 /* DataViewController.swift */; };
		84E550291BBAE78A00D21012 /* ModelController.swift in Sources */ = {isa = PBXBuildFile; fileRef = 84E550281BBAE78A00D21012 /* ModelController.swift */; };
		84E5502C1BBAE78A00D21012 /* Main.storyboard in Resources */ = {isa = PBXBuildFile; fileRef = 84E5502A1BBAE78A00D21012 /* Main.storyboard */; };
		84E5502E1BBAE78A00D21012 /* Images.xcassets in Resources */ = {isa = PBXBuildFile; fileRef = 84E5502D1BBAE78A00D21012 /* Images.xcassets */; };
		84E550311BBAE78A00D21012 /* LaunchScreen.xib in Resources */ = {isa = PBXBuildFile; fileRef = 84E5502F1BBAE78A00D21012 /* LaunchScreen.xib */; };
		84E5503D1BBAE78B00D21012 /* testappTests.swift in Sources */ = {isa = PBXBuildFile; fileRef = 84E5503C1BBAE78B00D21012 /* testappTests.swift */; };
/* End PBXBuildFile section */

/* Begin PBXContainerItemProxy section */
		84E550371BBAE78A00D21012 /* PBXContainerItemProxy */ = {
			isa = PBXContainerItemProxy;
			containerPortal = 84E550151BBAE78A00D21012 /* Project object */;
			proxyType = 1;
			remoteGlobalIDString = 84E5501C1BBAE78A00D21012;
			remoteInfo = testapp;
		};
/* End PBXContainerItemProxy section */

/* Begin PBXFileReference section */
		84E5501D1BBAE78A00D21012 /* testapp.app */ = {isa = PBXFileReference; explicitFileType = wrapper.application; includeInIndex = 0; path = testapp.app; sourceTree = BUILT_PRODUCTS_DIR; };
		84E550211BBAE78A00D21012 /* Info.plist */ = {isa = PBXFileReference; lastKnownFileType = text.plist.xml; path = Info.plist; sourceTree = "<group>"; };
		84E550221BBAE78A00D21012 /* AppDelegate.swift */ = {isa = PBXFileReference; lastKnownFileType = sourcecode.swift; path = AppDelegate.swift; sourceTree = "<group>"; };
		84E550241BBAE78A00D21012 /* RootViewController.swift */ = {isa = PBXFileReference; lastKnownFileType = sourcecode.swift; path = RootViewController.swift; sourceTree = "<group>"; };
		84E550261BBAE78A00D21012 /* DataViewController.swift */ = {isa = PBXFileReference; lastKnownFileType = sourcecode.swift; path = DataViewController.swift; sourceTree = "<group>"; };
		84E550281BBAE78A00D21012 /* ModelController.swift */ = {isa = PBXFileReference; lastKnownFileType = sourcecode.swift; path = ModelController.swift; sourceTree = "<group>"; };
		84E5502B1BBAE78A00D21012 /* Base */ = {isa = PBXFileReference; lastKnownFileType = file.storyboard; name = Base; path = Base.lproj/Main.storyboard; sourceTree = "<group>"; };
		84E5502D1BBAE78A00D21012 /* Images.xcassets */ = {isa = PBXFileReference; lastKnownFileType = folder.assetcatalog; path = Images.xcassets; sourceTree = "<group>"; };
		84E550301BBAE78A00D21012 /* Base */ = {isa = PBXFileReference; lastKnownFileType = file.xib; name = Base; path = Base.lproj/LaunchScreen.xib; sourceTree = "<group>"; };
		84E550361BBAE78A00D21012 /* testappTests.xctest */ = {isa = PBXFileReference; explicitFileType = wrapper.cfbundle; includeInIndex = 0; path = testappTests.xctest; sourceTree = BUILT_PRODUCTS_DIR; };
		84E5503B1BBAE78B00D21012 /* Info.plist */ = {isa = PBXFileReference; lastKnownFileType = text.plist.xml; path = Info.plist; sourceTree = "<group>"; };
		84E5503C1BBAE78B00D21012 /* testappTests.swift */ = {isa = PBXFileReference; lastKnownFileType = sourcecode.swift; path = testappTests.swift; sourceTree = "<group>"; };
/* End PBXFileReference section */

/* Begin PBXFrameworksBuildPhase section */
		84E5501A1BBAE78A00D21012 /* Frameworks */ = {
			isa = PBXFrameworksBuildPhase;
			buildActionMask = 2147483647;
			files = (
			);
			runOnlyForDeploymentPostprocessing = 0;
		};
		84E550331BBAE78A00D21012 /* Frameworks */ = {
			isa = PBXFrameworksBuildPhase;
			buildActionMask = 2147483647;
			files = (
			);
			runOnlyForDeploymentPostprocessing = 0;
		};
/* End PBXFrameworksBuildPhase section */

/* Begin PBXGroup section */
		84E550141BBAE78A00D21012 = {
			isa = PBXGroup;
			children = (
				84E5501F1BBAE78A00D21012 /* testapp */,
				84E550391BBAE78A00D21012 /* testappTests */,
				84E5501E1BBAE78A00D21012 /* Products */,
			);
			sourceTree = "<group>";
		};
		84E5501E1BBAE78A00D21012 /* Products */ = {
			isa = PBXGroup;
			children = (
				84E5501D1BBAE78A00D21012 /* testapp.app */,
				84E550361BBAE78A00D21012 /* testappTests.xctest */,
			);
			name = Products;
			sourceTree = "<group>";
		};
		84E5501F1BBAE78A00D21012 /* testapp */ = {
			isa = PBXGroup;
			children = (
				84E550221BBAE78A00D21012 /* AppDelegate.swift */,
				84E550241BBAE78A00D21012 /* RootViewController.swift */,
				84E550261BBAE78A00D21012 /* DataViewController.swift */,
				84E550281BBAE78A00D21012 /* ModelController.swift */,
				84E5502A1BBAE78A00D21012 /* Main.storyboard */,
				84E5502D1BBAE78A00D21012 /* Images.xcassets */,
				84E5502F1BBAE78A00D21012 /* LaunchScreen.xib */,
				84E550201BBAE78A00D21012 /* Supporting Files */,
			);
			path = testapp;
			sourceTree = "<group>";
		};
		84E550201BBAE78A00D21012 /* Supporting Files */ = {
			isa = PBXGroup;
			children = (
				84E550211BBAE78A00D21012 /* Info.plist */,
			);
			name = "Supporting Files";
			sourceTree = "<group>";
		};
		84E550391BBAE78A00D21012 /* testappTests */ = {
			isa = PBXGroup;
			children = (
				84E5503C1BBAE78B00D21012 /* testappTests.swift */,
				84E5503A1BBAE78B00D21012 /* Supporting Files */,
			);
			path = testappTests;
			sourceTree = "<group>";
		};
		84E5503A1BBAE78B00D21012 /* Supporting Files */ = {
			isa = PBXGroup;
			children = (
				84E5503B1BBAE78B00D21012 /* Info.plist */,
			);
			name = "Supporting Files";
			sourceTree = "<group>";
		};
/* End PBXGroup section */

/* Begin PBXNativeTarget section */
		84E5501C1BBAE78A00D21012 /* testapp */ = {
			isa = PBXNativeTarget;
			buildConfigurationList = 84E550401BBAE78B00D21012 /* Build configuration list for PBXNativeTarget "testapp" */;
			buildPhases = (
				84E550191BBAE78A00D21012 /* Sources */,
				84E5501A1BBAE78A00D21012 /* Frameworks */,
				84E5501B1BBAE78A00D21012 /* Resources */,
			);
			buildRules = (
			);
			dependencies = (
			);
			name = testapp;
			productName = testapp;
			productReference = 84E5501D1BBAE78A00D21012 /* testapp.app */;
			productType = "com.apple.product-type.application";
		};
		84E550351BBAE78A00D21012 /* testappTests */ = {
			isa = PBXNativeTarget;
			buildConfigurationList = 84E550431BBAE78B00D21012 /* Build configuration list for PBXNativeTarget "testappTests" */;
			buildPhases = (
				84E550321BBAE78A00D21012 /* Sources */,
				84E550331BBAE78A00D21012 /* Frameworks */,
				84E550341BBAE78A00D21012 /* Resources */,
			);
			buildRules = (
			);
			dependencies = (
				84E550381BBAE78A00D21012 /* PBXTargetDependency */,
			);
			name = testappTests;
			productName = testappTests;
			productReference = 84E550361BBAE78A00D21012 /* testappTests.xctest */;
			productType = "com.apple.product-type.bundle.unit-test";
		};
/* End PBXNativeTarget section */

/* Begin PBXProject section */
		84E550151BBAE78A00D21012 /* Project object */ = {
			isa = PBXProject;
			attributes = {
				LastUpgradeCheck = 0640;
				ORGANIZATIONNAME = Serhiy_Sharga;
				TargetAttributes = {
					84E5501C1BBAE78A00D21012 = {
						CreatedOnToolsVersion = 6.4;
					};
					84E550351BBAE78A00D21012 = {
						CreatedOnToolsVersion = 6.4;
						TestTargetID = 84E5501C1BBAE78A00D21012;
					};
				};
			};
			buildConfigurationList = 84E550181BBAE78A00D21012 /* Build configuration list for PBXProject "testapp" */;
			compatibilityVersion = "Xcode 3.2";
			developmentRegion = English;
			hasScannedForEncodings = 0;
			knownRegions = (
				en,
				Base,
			);
			mainGroup = 84E550141BBAE78A00D21012;
			productRefGroup = 84E5501E1BBAE78A00D21012 /* Products */;
			projectDirPath = "";
			projectRoot = "";
			targets = (
				84E5501C1BBAE78A00D21012 /* testapp */,
				84E550351BBAE78A00D21012 /* testappTests */,
			);
		};
/* End PBXProject section */

/* Begin PBXResourcesBuildPhase section */
		84E5501B1BBAE78A00D21012 /* Resources */ = {
			isa = PBXResourcesBuildPhase;
			buildActionMask = 2147483647;
			files = (
				84E5502C1BBAE78A00D21012 /* Main.storyboard in Resources */,
				84E550311BBAE78A00D21012 /* LaunchScreen.xib in Resources */,
				84E5502E1BBAE78A00D21012 /* Images.xcassets in Resources */,
			);
			runOnlyForDeploymentPostprocessing = 0;
		};
		84E550341BBAE78A00D21012 /* Resources */ = {
			isa = PBXResourcesBuildPhase;
			buildActionMask = 2147483647;
			files = (
			);
			runOnlyForDeploymentPostprocessing = 0;
		};
/* End PBXResourcesBuildPhase section */

/* Begin PBXSourcesBuildPhase section */
		84E550191BBAE78A00D21012 /* Sources */ = {
			isa = PBXSourcesBuildPhase;
			buildActionMask = 2147483647;
			files = (
				84E550251BBAE78A00D21012 /* RootViewController.swift in Sources */,
				84E550291BBAE78A00D21012 /* ModelController.swift in Sources */,
				84E550271BBAE78A00D21012 /* DataViewController.swift in Sources */,
				84E550231BBAE78A00D21012 /* AppDelegate.swift in Sources */,
			);
			runOnlyForDeploymentPostprocessing = 0;
		};
		84E550321BBAE78A00D21012 /* Sources */ = {
			isa = PBXSourcesBuildPhase;
			buildActionMask = 2147483647;
			files = (
				84E5503D1BBAE78B00D21012 /* testappTests.swift in Sources */,
			);
			runOnlyForDeploymentPostprocessing = 0;
		};
/* End PBXSourcesBuildPhase section */

/* Begin PBXTargetDependency section */
		84E550381BBAE78A00D21012 /* PBXTargetDependency */ = {
			isa = PBXTargetDependency;
			target = 84E5501C1BBAE78A00D21012 /* testapp */;
			targetProxy = 84E550371BBAE78A00D21012 /* PBXContainerItemProxy */;
		};
/* End PBXTargetDependency section */

/* Begin PBXVariantGroup section */
		84E5502A1BBAE78A00D21012 /* Main.storyboard */ = {
			isa = PBXVariantGroup;
			children = (
				84E5502B1BBAE78A00D21012 /* Base */,
			);
			name = Main.storyboard;
			sourceTree = "<group>";
		};
		84E5502F1BBAE78A00D21012 /* LaunchScreen.xib */ = {
			isa = PBXVariantGroup;
			children = (
				84E550301BBAE78A00D21012 /* Base */,
			);
			name = LaunchScreen.xib;
			sourceTree = "<group>";
		};
/* End PBXVariantGroup section */

/* Begin XCBuildConfiguration section */
		84E5503E1BBAE78B00D21012 /* Debug */ = {
			isa = XCBuildConfiguration;
			buildSettings = {
				ALWAYS_SEARCH_USER_PATHS = NO;
				CLANG_CXX_LANGUAGE_STANDARD = "gnu++0x";
				CLANG_CXX_LIBRARY = "libc++";
				CLANG_ENABLE_MODULES = YES;
				CLANG_ENABLE_OBJC_ARC = YES;
				CLANG_WARN_BOOL_CONVERSION = YES;
				CLANG_WARN_CONSTANT_CONVERSION = YES;
				CLANG_WARN_DIRECT_OBJC_ISA_USAGE = YES_ERROR;
				CLANG_WARN_EMPTY_BODY = YES;
				CLANG_WARN_ENUM_CONVERSION = YES;
				CLANG_WARN_INT_CONVERSION = YES;
				CLANG_WARN_OBJC_ROOT_CLASS = YES_ERROR;
				CLANG_WARN_UNREACHABLE_CODE = YES;
				CLANG_WARN__DUPLICATE_METHOD_MATCH = YES;
				"CODE_SIGN_IDENTITY[sdk=iphoneos*]" = "iPhone Developer";
				COPY_PHASE_STRIP = NO;
				DEBUG_INFORMATION_FORMAT = "dwarf-with-dsym";
				ENABLE_STRICT_OBJC_MSGSEND = YES;
				GCC_C_LANGUAGE_STANDARD = gnu99;
				GCC_DYNAMIC_NO_PIC = NO;
				GCC_NO_COMMON_BLOCKS = YES;
				GCC_OPTIMIZATION_LEVEL = 0;
				GCC_PREPROCESSOR_DEFINITIONS = (
					"DEBUG=1",
					"$(inherited)",
				);
				GCC_SYMBOLS_PRIVATE_EXTERN = NO;
				GCC_WARN_64_TO_32_BIT_CONVERSION = YES;
				GCC_WARN_ABOUT_RETURN_TYPE = YES_ERROR;
				GCC_WARN_UNDECLARED_SELECTOR = YES;
				GCC_WARN_UNINITIALIZED_AUTOS = YES_AGGRESSIVE;
				GCC_WARN_UNUSED_FUNCTION = YES;
				GCC_WARN_UNUSED_VARIABLE = YES;
				IPHONEOS_DEPLOYMENT_TARGET = 8.4;
				MTL_ENABLE_DEBUG_INFO = YES;
				ONLY_ACTIVE_ARCH = YES;
				SDKROOT = iphoneos;
				SWIFT_OPTIMIZATION_LEVEL = "-Onone";
				TARGETED_DEVICE_FAMILY = "1,2";
			};
			name = Debug;
		};
		84E5503F1BBAE78B00D21012 /* Release */ = {
			isa = XCBuildConfiguration;
			buildSettings = {
				ALWAYS_SEARCH_USER_PATHS = NO;
				CLANG_CXX_LANGUAGE_STANDARD = "gnu++0x";
				CLANG_CXX_LIBRARY = "libc++";
				CLANG_ENABLE_MODULES = YES;
				CLANG_ENABLE_OBJC_ARC = YES;
				CLANG_WARN_BOOL_CONVERSION = YES;
				CLANG_WARN_CONSTANT_CONVERSION = YES;
				CLANG_WARN_DIRECT_OBJC_ISA_USAGE = YES_ERROR;
				CLANG_WARN_EMPTY_BODY = YES;
				CLANG_WARN_ENUM_CONVERSION = YES;
				CLANG_WARN_INT_CONVERSION = YES;
				CLANG_WARN_OBJC_ROOT_CLASS = YES_ERROR;
				CLANG_WARN_UNREACHABLE_CODE = YES;
				CLANG_WARN__DUPLICATE_METHOD_MATCH = YES;
				"CODE_SIGN_IDENTITY[sdk=iphoneos*]" = "iPhone Developer";
				COPY_PHASE_STRIP = NO;
				DEBUG_INFORMATION_FORMAT = "dwarf-with-dsym";
				ENABLE_NS_ASSERTIONS = NO;
				ENABLE_STRICT_OBJC_MSGSEND = YES;
				GCC_C_LANGUAGE_STANDARD = gnu99;
				GCC_NO_COMMON_BLOCKS = YES;
				GCC_WARN_64_TO_32_BIT_CONVERSION = YES;
				GCC_WARN_ABOUT_RETURN_TYPE = YES_ERROR;
				GCC_WARN_UNDECLARED_SELECTOR = YES;
				GCC_WARN_UNINITIALIZED_AUTOS = YES_AGGRESSIVE;
				GCC_WARN_UNUSED_FUNCTION = YES;
				GCC_WARN_UNUSED_VARIABLE = YES;
				IPHONEOS_DEPLOYMENT_TARGET = 8.4;
				MTL_ENABLE_DEBUG_INFO = NO;
				SDKROOT = iphoneos;
				TARGETED_DEVICE_FAMILY = "1,2";
				VALIDATE_PRODUCT = YES;
			};
			name = Release;
		};
		84E550411BBAE78B00D21012 /* Debug */ = {
			isa = XCBuildConfiguration;
			buildSettings = {
				ASSETCATALOG_COMPILER_APPICON_NAME = AppIcon;
				INFOPLIST_FILE = testapp/Info.plist;
				LD_RUNPATH_SEARCH_PATHS = "$(inherited) @executable_path/Frameworks";
				PRODUCT_NAME = "$(TARGET_NAME)";
			};
			name = Debug;
		};
		84E550421BBAE78B00D21012 /* Release */ = {
			isa = XCBuildConfiguration;
			buildSettings = {
				ASSETCATALOG_COMPILER_APPICON_NAME = AppIcon;
				INFOPLIST_FILE = testapp/Info.plist;
				LD_RUNPATH_SEARCH_PATHS = "$(inherited) @executable_path/Frameworks";
				PRODUCT_NAME = "$(TARGET_NAME)";
			};
			name = Release;
		};
		84E550441BBAE78B00D21012 /* Debug */ = {
			isa = XCBuildConfiguration;
			buildSettings = {
				BUNDLE_LOADER = "$(TEST_HOST)";
				FRAMEWORK_SEARCH_PATHS = (
					"$(SDKROOT)/Developer/Library/Frameworks",
					"$(inherited)",
				);
				GCC_PREPROCESSOR_DEFINITIONS = (
					"DEBUG=1",
					"$(inherited)",
				);
				INFOPLIST_FILE = testappTests/Info.plist;
				LD_RUNPATH_SEARCH_PATHS = "$(inherited) @executable_path/Frameworks @loader_path/Frameworks";
				PRODUCT_NAME = "$(TARGET_NAME)";
				TEST_HOST = "$(BUILT_PRODUCTS_DIR)/testapp.app/testapp";
			};
			name = Debug;
		};
		84E550451BBAE78B00D21012 /* Release */ = {
			isa = XCBuildConfiguration;
			buildSettings = {
				BUNDLE_LOADER = "$(TEST_HOST)";
				FRAMEWORK_SEARCH_PATHS = (
					"$(SDKROOT)/Developer/Library/Frameworks",
					"$(inherited)",
				);
				INFOPLIST_FILE = testappTests/Info.plist;
				LD_RUNPATH_SEARCH_PATHS = "$(inherited) @executable_path/Frameworks @loader_path/Frameworks";
				PRODUCT_NAME = "$(TARGET_NAME)";
				TEST_HOST = "$(BUILT_PRODUCTS_DIR)/testapp.app/testapp";
			};
			name = Release;
		};
/* End XCBuildConfiguration section */

/* Begin XCConfigurationList section */
		84E550181BBAE78A00D21012 /* Build configuration list for PBXProject "testapp" */ = {
			isa = XCConfigurationList;
			buildConfigurations = (
				84E5503E1BBAE78B00D21012 /* Debug */,
				84E5503F1BBAE78B00D21012 /* Release */,
			);
			defaultConfigurationIsVisible = 0;
			defaultConfigurationName = Release;
		};
		84E550401BBAE78B00D21012 /* Build configuration list for PBXNativeTarget "testapp" */ = {
			isa = XCConfigurationList;
			buildConfigurations = (
				84E550411BBAE78B00D21012 /* Debug */,
				84E550421BBAE78B00D21012 /* Release */,
			);
			defaultConfigurationIsVisible = 0;
		};
		84E550431BBAE78B00D21012 /* Build configuration list for PBXNativeTarget "testappTests" */ = {
			isa = XCConfigurationList;
			buildConfigurations = (
				84E550441BBAE78B00D21012 /* Debug */,
				84E550451BBAE78B00D21012 /* Release */,
			);
			defaultConfigurationIsVisible = 0;
		};
/* End XCConfigurationList section */
	};
	rootObject = 84E550151BBAE78A00D21012 /* Project object */;
}
